
Microsoft Visual Studio Solution File, Format Version 12.00
# Visual Studio Version 16
VisualStudioVersion = 16.0.31129.286
MinimumVisualStudioVersion = 10.0.40219.1
Project("{9A19103F-16F7-4668-BE54-9A1E7A4F7556}") = "VierPro", "src/VierPro/VierPro.csproj", "{B275EDB2-FB41-4258-9736-54DEF74C280B}"
EndProject
Project("{FAE04EC0-301F-11D3-BF4B-00C04F79EFBC}") = "Tests", "tests\Tests.csproj", "{D396CCE4-6914-4261-B6DE-2F9F1C232063}"
EndProject
Global
	GlobalSection(SolutionConfigurationPlatforms) = preSolution
		Debug|Any CPU = Debug|Any CPU
		Release|Any CPU = Release|Any CPU
	EndGlobalSection
	GlobalSection(ProjectConfigurationPlatforms) = postSolution
		{B275EDB2-FB41-4258-9736-54DEF74C280B}.Debug|Any CPU.ActiveCfg = Debug|Any CPU
		{B275EDB2-FB41-4258-9736-54DEF74C280B}.Debug|Any CPU.Build.0 = Debug|Any CPU
		{B275EDB2-FB41-4258-9736-54DEF74C280B}.Release|Any CPU.ActiveCfg = Release|Any CPU
		{B275EDB2-FB41-4258-9736-54DEF74C280B}.Release|Any CPU.Build.0 = Release|Any CPU
		{D396CCE4-6914-4261-B6DE-2F9F1C232063}.Debug|Any CPU.ActiveCfg = Debug|Any CPU
		{D396CCE4-6914-4261-B6DE-2F9F1C232063}.Debug|Any CPU.Build.0 = Debug|Any CPU
		{D396CCE4-6914-4261-B6DE-2F9F1C232063}.Release|Any CPU.ActiveCfg = Release|Any CPU
		{D396CCE4-6914-4261-B6DE-2F9F1C232063}.Release|Any CPU.Build.0 = Release|Any CPU
	EndGlobalSection
	GlobalSection(SolutionProperties) = preSolution
		HideSolutionNode = FALSE
	EndGlobalSection
	GlobalSection(ExtensibilityGlobals) = postSolution
		SolutionGuid = {DCAC706E-161A-441A-B29A-7338E16E80F8}
	EndGlobalSection
EndGlobal
